
Microsoft Visual Studio Solution File, Format Version 12.00
# Visual Studio 15
VisualStudioVersion = 15.0.28307.779
MinimumVisualStudioVersion = 10.0.40219.1
Project("{FAE04EC0-301F-11D3-BF4B-00C04F79EFBC}") = "Control_Statement", "ConsoleApp4\Control_Statement.csproj", "{D6EAF86B-D140-470A-9D69-AE6901E0D505}"
EndProject
Global
	GlobalSection(SolutionConfigurationPlatforms) = preSolution
		Debug|Any CPU = Debug|Any CPU
		Release|Any CPU = Release|Any CPU
	EndGlobalSection
	GlobalSection(ProjectConfigurationPlatforms) = postSolution
		{D6EAF86B-D140-470A-9D69-AE6901E0D505}.Debug|Any CPU.ActiveCfg = Debug|Any CPU
		{D6EAF86B-D140-470A-9D69-AE6901E0D505}.Debug|Any CPU.Build.0 = Debug|Any CPU
		{D6EAF86B-D140-470A-9D69-AE6901E0D505}.Release|Any CPU.ActiveCfg = Release|Any CPU
		{D6EAF86B-D140-470A-9D69-AE6901E0D505}.Release|Any CPU.Build.0 = Release|Any CPU
	EndGlobalSection
	GlobalSection(SolutionProperties) = preSolution
		HideSolutionNode = FALSE
	EndGlobalSection
	GlobalSection(ExtensibilityGlobals) = postSolution
		SolutionGuid = {3967A362-E799-4C82-B6C9-06F3F82D19D5}
	EndGlobalSection
EndGlobal
